// !$*UTF8*$!
{
	archiveVersion = 1;
	classes = {
	};
	objectVersion = 55;
	objects = {

/* Begin PBXBuildFile section */
		EF47405A2814E0E4002633BD /* HomeView.swift in Sources */ = {isa = PBXBuildFile; fileRef = EF4740592814E0E4002633BD /* HomeView.swift */; };
		EF47405C2814E196002633BD /* SettingView.swift in Sources */ = {isa = PBXBuildFile; fileRef = EF47405B2814E196002633BD /* SettingView.swift */; };
		EF47405F2814E87C002633BD /* SettingCell.swift in Sources */ = {isa = PBXBuildFile; fileRef = EF47405E2814E87C002633BD /* SettingCell.swift */; };
		EF7D8AA02813DE06006F04CC /* InitialSettingViewModel.swift in Sources */ = {isa = PBXBuildFile; fileRef = EF7D8A9F2813DE06006F04CC /* InitialSettingViewModel.swift */; };
		EF7D8AA22813E02C006F04CC /* User.swift in Sources */ = {isa = PBXBuildFile; fileRef = EF7D8AA12813E02C006F04CC /* User.swift */; };
		EF9097CF284066A3006FC2B1 /* LoginTitleAndImage.swift in Sources */ = {isa = PBXBuildFile; fileRef = EF9097CE284066A3006FC2B1 /* LoginTitleAndImage.swift */; };
		EF9097D128406984006FC2B1 /* LoginInputFields.swift in Sources */ = {isa = PBXBuildFile; fileRef = EF9097D028406984006FC2B1 /* LoginInputFields.swift */; };
		EF9097D328406A72006FC2B1 /* LoginLoginButton.swift in Sources */ = {isa = PBXBuildFile; fileRef = EF9097D228406A72006FC2B1 /* LoginLoginButton.swift */; };
		EF9097D7284073D3006FC2B1 /* SignupTitleAndImage.swift in Sources */ = {isa = PBXBuildFile; fileRef = EF9097D6284073D3006FC2B1 /* SignupTitleAndImage.swift */; };
		EF9097DB284078C4006FC2B1 /* SignupSignupButton.swift in Sources */ = {isa = PBXBuildFile; fileRef = EF9097DA284078C4006FC2B1 /* SignupSignupButton.swift */; };
		EFCD61652849A11100509C0D /* ActivityIndicator.swift in Sources */ = {isa = PBXBuildFile; fileRef = EFCD61642849A11100509C0D /* ActivityIndicator.swift */; };
		EFCE944C2812A82800054546 /* RoomListView.swift in Sources */ = {isa = PBXBuildFile; fileRef = EFCE944B2812A82800054546 /* RoomListView.swift */; };
		EFCE944E2812CF3B00054546 /* SignupViewModel.swift in Sources */ = {isa = PBXBuildFile; fileRef = EFCE944D2812CF3B00054546 /* SignupViewModel.swift */; };
		EFD5172A281266B900816674 /* InitialSettingView.swift in Sources */ = {isa = PBXBuildFile; fileRef = EFD51729281266B900816674 /* InitialSettingView.swift */; };
		EFD5172D281268B300816674 /* Login.swift in Sources */ = {isa = PBXBuildFile; fileRef = EFD5172C281268B300816674 /* Login.swift */; };
		EFD5172F28126A0F00816674 /* LoginViewModel.swift in Sources */ = {isa = PBXBuildFile; fileRef = EFD5172E28126A0F00816674 /* LoginViewModel.swift */; };
		EFDA3EE92844F2A8006D8622 /* SignupInputFields.swift in Sources */ = {isa = PBXBuildFile; fileRef = EFDA3EE82844F2A8006D8622 /* SignupInputFields.swift */; };
		EFDB57032849C4E70003A782 /* LoginGroupView.swift in Sources */ = {isa = PBXBuildFile; fileRef = EFDB57022849C4E70003A782 /* LoginGroupView.swift */; };
		EFE22F6928143EA100F9AB14 /* RoomCell.swift in Sources */ = {isa = PBXBuildFile; fileRef = EFE22F6828143EA100F9AB14 /* RoomCell.swift */; };
		EFFDD2D82845803F00508757 /* LoginGroupViewModel.swift in Sources */ = {isa = PBXBuildFile; fileRef = EFFDD2D72845803F00508757 /* LoginGroupViewModel.swift */; };
		EFFDD2DA284582C900508757 /* LoginSwitchSignupButton.swift in Sources */ = {isa = PBXBuildFile; fileRef = EFFDD2D9284582C900508757 /* LoginSwitchSignupButton.swift */; };
		EFFDD2DC2845846F00508757 /* SignupSwitchLoginButton.swift in Sources */ = {isa = PBXBuildFile; fileRef = EFFDD2DB2845846F00508757 /* SignupSwitchLoginButton.swift */; };
		EFFE1EF4281256B900BB3FDA /* SotsukenAppNo1App.swift in Sources */ = {isa = PBXBuildFile; fileRef = EFFE1EF3281256B900BB3FDA /* SotsukenAppNo1App.swift */; };
		EFFE1EF6281256B900BB3FDA /* ContentView.swift in Sources */ = {isa = PBXBuildFile; fileRef = EFFE1EF5281256B900BB3FDA /* ContentView.swift */; };
		EFFE1EF8281256BA00BB3FDA /* Assets.xcassets in Resources */ = {isa = PBXBuildFile; fileRef = EFFE1EF7281256BA00BB3FDA /* Assets.xcassets */; };
		EFFE1EFB281256BA00BB3FDA /* Preview Assets.xcassets in Resources */ = {isa = PBXBuildFile; fileRef = EFFE1EFA281256BA00BB3FDA /* Preview Assets.xcassets */; };
		EFFE1F05281256BA00BB3FDA /* SotsukenAppNo1Tests.swift in Sources */ = {isa = PBXBuildFile; fileRef = EFFE1F04281256BA00BB3FDA /* SotsukenAppNo1Tests.swift */; };
		EFFE1F0F281256BA00BB3FDA /* SotsukenAppNo1UITests.swift in Sources */ = {isa = PBXBuildFile; fileRef = EFFE1F0E281256BA00BB3FDA /* SotsukenAppNo1UITests.swift */; };
		EFFE1F11281256BA00BB3FDA /* SotsukenAppNo1UITestsLaunchTests.swift in Sources */ = {isa = PBXBuildFile; fileRef = EFFE1F10281256BA00BB3FDA /* SotsukenAppNo1UITestsLaunchTests.swift */; };
		EFFE1F212812572D00BB3FDA /* LoginView.swift in Sources */ = {isa = PBXBuildFile; fileRef = EFFE1F202812572D00BB3FDA /* LoginView.swift */; };
		EFFE1F2328125E6200BB3FDA /* SignupView.swift in Sources */ = {isa = PBXBuildFile; fileRef = EFFE1F2228125E6200BB3FDA /* SignupView.swift */; };
/* End PBXBuildFile section */

/* Begin PBXContainerItemProxy section */
		EFFE1F01281256BA00BB3FDA /* PBXContainerItemProxy */ = {
			isa = PBXContainerItemProxy;
			containerPortal = EFFE1EE8281256B900BB3FDA /* Project object */;
			proxyType = 1;
			remoteGlobalIDString = EFFE1EEF281256B900BB3FDA;
			remoteInfo = SotsukenAppNo1;
		};
		EFFE1F0B281256BA00BB3FDA /* PBXContainerItemProxy */ = {
			isa = PBXContainerItemProxy;
			containerPortal = EFFE1EE8281256B900BB3FDA /* Project object */;
			proxyType = 1;
			remoteGlobalIDString = EFFE1EEF281256B900BB3FDA;
			remoteInfo = SotsukenAppNo1;
		};
/* End PBXContainerItemProxy section */

/* Begin PBXFileReference section */
		EF4740592814E0E4002633BD /* HomeView.swift */ = {isa = PBXFileReference; lastKnownFileType = sourcecode.swift; path = HomeView.swift; sourceTree = "<group>"; };
		EF47405B2814E196002633BD /* SettingView.swift */ = {isa = PBXFileReference; lastKnownFileType = sourcecode.swift; path = SettingView.swift; sourceTree = "<group>"; };
		EF47405E2814E87C002633BD /* SettingCell.swift */ = {isa = PBXFileReference; lastKnownFileType = sourcecode.swift; path = SettingCell.swift; sourceTree = "<group>"; };
		EF7D8A9F2813DE06006F04CC /* InitialSettingViewModel.swift */ = {isa = PBXFileReference; lastKnownFileType = sourcecode.swift; path = InitialSettingViewModel.swift; sourceTree = "<group>"; };
		EF7D8AA12813E02C006F04CC /* User.swift */ = {isa = PBXFileReference; lastKnownFileType = sourcecode.swift; path = User.swift; sourceTree = "<group>"; };
		EF9097CE284066A3006FC2B1 /* LoginTitleAndImage.swift */ = {isa = PBXFileReference; lastKnownFileType = sourcecode.swift; path = LoginTitleAndImage.swift; sourceTree = "<group>"; };
		EF9097D028406984006FC2B1 /* LoginInputFields.swift */ = {isa = PBXFileReference; lastKnownFileType = sourcecode.swift; path = LoginInputFields.swift; sourceTree = "<group>"; };
		EF9097D228406A72006FC2B1 /* LoginLoginButton.swift */ = {isa = PBXFileReference; lastKnownFileType = sourcecode.swift; path = LoginLoginButton.swift; sourceTree = "<group>"; };
		EF9097D6284073D3006FC2B1 /* SignupTitleAndImage.swift */ = {isa = PBXFileReference; lastKnownFileType = sourcecode.swift; path = SignupTitleAndImage.swift; sourceTree = "<group>"; };
		EF9097DA284078C4006FC2B1 /* SignupSignupButton.swift */ = {isa = PBXFileReference; lastKnownFileType = sourcecode.swift; path = SignupSignupButton.swift; sourceTree = "<group>"; };
		EFCD61642849A11100509C0D /* ActivityIndicator.swift */ = {isa = PBXFileReference; lastKnownFileType = sourcecode.swift; path = ActivityIndicator.swift; sourceTree = "<group>"; };
		EFCE944B2812A82800054546 /* RoomListView.swift */ = {isa = PBXFileReference; lastKnownFileType = sourcecode.swift; path = RoomListView.swift; sourceTree = "<group>"; };
		EFCE944D2812CF3B00054546 /* SignupViewModel.swift */ = {isa = PBXFileReference; lastKnownFileType = sourcecode.swift; path = SignupViewModel.swift; sourceTree = "<group>"; };
		EFD51729281266B900816674 /* InitialSettingView.swift */ = {isa = PBXFileReference; lastKnownFileType = sourcecode.swift; path = InitialSettingView.swift; sourceTree = "<group>"; };
		EFD5172C281268B300816674 /* Login.swift */ = {isa = PBXFileReference; lastKnownFileType = sourcecode.swift; path = Login.swift; sourceTree = "<group>"; };
		EFD5172E28126A0F00816674 /* LoginViewModel.swift */ = {isa = PBXFileReference; lastKnownFileType = sourcecode.swift; path = LoginViewModel.swift; sourceTree = "<group>"; };
		EFDA3EE82844F2A8006D8622 /* SignupInputFields.swift */ = {isa = PBXFileReference; fileEncoding = 4; lastKnownFileType = sourcecode.swift; name = SignupInputFields.swift; path = "../../../../../../.Trash/SotsukenAppNo1 21.38.34/SotsukenAppNo1/View/LoginViewGroup/SignupView/SignupInputFields.swift"; sourceTree = "<group>"; };
		EFDA3EEA2844F655006D8622 /* ToDoList.md */ = {isa = PBXFileReference; lastKnownFileType = net.daringfireball.markdown; path = ToDoList.md; sourceTree = "<group>"; };
		EFDB57022849C4E70003A782 /* LoginGroupView.swift */ = {isa = PBXFileReference; lastKnownFileType = sourcecode.swift; path = LoginGroupView.swift; sourceTree = "<group>"; };
		EFE22F6828143EA100F9AB14 /* RoomCell.swift */ = {isa = PBXFileReference; lastKnownFileType = sourcecode.swift; path = RoomCell.swift; sourceTree = "<group>"; };
		EFFDD2D72845803F00508757 /* LoginGroupViewModel.swift */ = {isa = PBXFileReference; lastKnownFileType = sourcecode.swift; path = LoginGroupViewModel.swift; sourceTree = "<group>"; };
		EFFDD2D9284582C900508757 /* LoginSwitchSignupButton.swift */ = {isa = PBXFileReference; lastKnownFileType = sourcecode.swift; path = LoginSwitchSignupButton.swift; sourceTree = "<group>"; };
		EFFDD2DB2845846F00508757 /* SignupSwitchLoginButton.swift */ = {isa = PBXFileReference; lastKnownFileType = sourcecode.swift; path = SignupSwitchLoginButton.swift; sourceTree = "<group>"; };
		EFFE1EF0281256B900BB3FDA /* SotsukenAppNo1.app */ = {isa = PBXFileReference; explicitFileType = wrapper.application; includeInIndex = 0; path = SotsukenAppNo1.app; sourceTree = BUILT_PRODUCTS_DIR; };
		EFFE1EF3281256B900BB3FDA /* SotsukenAppNo1App.swift */ = {isa = PBXFileReference; lastKnownFileType = sourcecode.swift; path = SotsukenAppNo1App.swift; sourceTree = "<group>"; };
		EFFE1EF5281256B900BB3FDA /* ContentView.swift */ = {isa = PBXFileReference; lastKnownFileType = sourcecode.swift; path = ContentView.swift; sourceTree = "<group>"; };
		EFFE1EF7281256BA00BB3FDA /* Assets.xcassets */ = {isa = PBXFileReference; lastKnownFileType = folder.assetcatalog; path = Assets.xcassets; sourceTree = "<group>"; };
		EFFE1EFA281256BA00BB3FDA /* Preview Assets.xcassets */ = {isa = PBXFileReference; lastKnownFileType = folder.assetcatalog; path = "Preview Assets.xcassets"; sourceTree = "<group>"; };
		EFFE1F00281256BA00BB3FDA /* SotsukenAppNo1Tests.xctest */ = {isa = PBXFileReference; explicitFileType = wrapper.cfbundle; includeInIndex = 0; path = SotsukenAppNo1Tests.xctest; sourceTree = BUILT_PRODUCTS_DIR; };
		EFFE1F04281256BA00BB3FDA /* SotsukenAppNo1Tests.swift */ = {isa = PBXFileReference; lastKnownFileType = sourcecode.swift; path = SotsukenAppNo1Tests.swift; sourceTree = "<group>"; };
		EFFE1F0A281256BA00BB3FDA /* SotsukenAppNo1UITests.xctest */ = {isa = PBXFileReference; explicitFileType = wrapper.cfbundle; includeInIndex = 0; path = SotsukenAppNo1UITests.xctest; sourceTree = BUILT_PRODUCTS_DIR; };
		EFFE1F0E281256BA00BB3FDA /* SotsukenAppNo1UITests.swift */ = {isa = PBXFileReference; lastKnownFileType = sourcecode.swift; path = SotsukenAppNo1UITests.swift; sourceTree = "<group>"; };
		EFFE1F10281256BA00BB3FDA /* SotsukenAppNo1UITestsLaunchTests.swift */ = {isa = PBXFileReference; lastKnownFileType = sourcecode.swift; path = SotsukenAppNo1UITestsLaunchTests.swift; sourceTree = "<group>"; };
		EFFE1F202812572D00BB3FDA /* LoginView.swift */ = {isa = PBXFileReference; lastKnownFileType = sourcecode.swift; path = LoginView.swift; sourceTree = "<group>"; };
		EFFE1F2228125E6200BB3FDA /* SignupView.swift */ = {isa = PBXFileReference; lastKnownFileType = sourcecode.swift; path = SignupView.swift; sourceTree = "<group>"; };
/* End PBXFileReference section */

/* Begin PBXFrameworksBuildPhase section */
		EFFE1EED281256B900BB3FDA /* Frameworks */ = {
			isa = PBXFrameworksBuildPhase;
			buildActionMask = 2147483647;
			files = (
			);
			runOnlyForDeploymentPostprocessing = 0;
		};
		EFFE1EFD281256BA00BB3FDA /* Frameworks */ = {
			isa = PBXFrameworksBuildPhase;
			buildActionMask = 2147483647;
			files = (
			);
			runOnlyForDeploymentPostprocessing = 0;
		};
		EFFE1F07281256BA00BB3FDA /* Frameworks */ = {
			isa = PBXFrameworksBuildPhase;
			buildActionMask = 2147483647;
			files = (
			);
			runOnlyForDeploymentPostprocessing = 0;
		};
/* End PBXFrameworksBuildPhase section */

/* Begin PBXGroup section */
		EF47405D2814E867002633BD /* SettingViewCompornents */ = {
			isa = PBXGroup;
			children = (
				EF47405E2814E87C002633BD /* SettingCell.swift */,
			);
			path = SettingViewCompornents;
			sourceTree = "<group>";
		};
		EF4740602814EB2C002633BD /* HomeViewGroup */ = {
			isa = PBXGroup;
			children = (
				EF4740592814E0E4002633BD /* HomeView.swift */,
				EF4740632814ED5A002633BD /* SettingView */,
				EF4740622814ECFD002633BD /* RoomListView */,
			);
			path = HomeViewGroup;
			sourceTree = "<group>";
		};
		EF4740612814ECD5002633BD /* LoginViewGroup */ = {
			isa = PBXGroup;
			children = (
				EFDB57022849C4E70003A782 /* LoginGroupView.swift */,
				EFFE1F202812572D00BB3FDA /* LoginView.swift */,
				EF9097CB28405F97006FC2B1 /* LoginView */,
				EFFE1F2228125E6200BB3FDA /* SignupView.swift */,
				EF9097D528407395006FC2B1 /* SignupView */,
				EFD51729281266B900816674 /* InitialSettingView.swift */,
			);
			path = LoginViewGroup;
			sourceTree = "<group>";
		};
		EF4740622814ECFD002633BD /* RoomListView */ = {
			isa = PBXGroup;
			children = (
				EFCE944B2812A82800054546 /* RoomListView.swift */,
				EFE22F6528143E4800F9AB14 /* RoomListCompornents */,
			);
			path = RoomListView;
			sourceTree = "<group>";
		};
		EF4740632814ED5A002633BD /* SettingView */ = {
			isa = PBXGroup;
			children = (
				EF47405B2814E196002633BD /* SettingView.swift */,
				EF47405D2814E867002633BD /* SettingViewCompornents */,
			);
			path = SettingView;
			sourceTree = "<group>";
		};
		EF48DC34283CA7E7005E8D0C /* Login */ = {
			isa = PBXGroup;
			children = (
				EFD5172E28126A0F00816674 /* LoginViewModel.swift */,
				EFCE944D2812CF3B00054546 /* SignupViewModel.swift */,
				EF7D8A9F2813DE06006F04CC /* InitialSettingViewModel.swift */,
			);
			path = Login;
			sourceTree = "<group>";
		};
		EF9097CB28405F97006FC2B1 /* LoginView */ = {
			isa = PBXGroup;
			children = (
				EF9097CE284066A3006FC2B1 /* LoginTitleAndImage.swift */,
				EF9097D028406984006FC2B1 /* LoginInputFields.swift */,
				EF9097D228406A72006FC2B1 /* LoginLoginButton.swift */,
				EFFDD2D9284582C900508757 /* LoginSwitchSignupButton.swift */,
			);
			path = LoginView;
			sourceTree = "<group>";
		};
		EF9097D528407395006FC2B1 /* SignupView */ = {
			isa = PBXGroup;
			children = (
				EF9097D6284073D3006FC2B1 /* SignupTitleAndImage.swift */,
				EFDA3EE82844F2A8006D8622 /* SignupInputFields.swift */,
				EF9097DA284078C4006FC2B1 /* SignupSignupButton.swift */,
				EFFDD2DB2845846F00508757 /* SignupSwitchLoginButton.swift */,
			);
			path = SignupView;
			sourceTree = "<group>";
		};
		EFCD61632849A0DF00509C0D /* Components */ = {
			isa = PBXGroup;
			children = (
				EFCD61642849A11100509C0D /* ActivityIndicator.swift */,
			);
			path = Components;
			sourceTree = "<group>";
		};
		EFE22F6528143E4800F9AB14 /* RoomListCompornents */ = {
			isa = PBXGroup;
			children = (
				EFE22F6828143EA100F9AB14 /* RoomCell.swift */,
			);
			path = RoomListCompornents;
			sourceTree = "<group>";
		};
		EFFE1EE7281256B900BB3FDA = {
			isa = PBXGroup;
			children = (
				EFDA3EEA2844F655006D8622 /* ToDoList.md */,
				EFFE1EF2281256B900BB3FDA /* SotsukenAppNo1 */,
				EFFE1F03281256BA00BB3FDA /* SotsukenAppNo1Tests */,
				EFFE1F0D281256BA00BB3FDA /* SotsukenAppNo1UITests */,
				EFFE1EF1281256B900BB3FDA /* Products */,
			);
			sourceTree = "<group>";
		};
		EFFE1EF1281256B900BB3FDA /* Products */ = {
			isa = PBXGroup;
			children = (
				EFFE1EF0281256B900BB3FDA /* SotsukenAppNo1.app */,
				EFFE1F00281256BA00BB3FDA /* SotsukenAppNo1Tests.xctest */,
				EFFE1F0A281256BA00BB3FDA /* SotsukenAppNo1UITests.xctest */,
			);
			name = Products;
			sourceTree = "<group>";
		};
		EFFE1EF2281256B900BB3FDA /* SotsukenAppNo1 */ = {
			isa = PBXGroup;
			children = (
				EFFE1EF3281256B900BB3FDA /* SotsukenAppNo1App.swift */,
				EFFE1EF5281256B900BB3FDA /* ContentView.swift */,
				EFFE1F1F2812571A00BB3FDA /* View */,
				EFFE1F1E2812571200BB3FDA /* ViewModel */,
				EFFE1F1D2812570200BB3FDA /* Model */,
				EFFE1EF7281256BA00BB3FDA /* Assets.xcassets */,
				EFFE1EF9281256BA00BB3FDA /* Preview Content */,
			);
			path = SotsukenAppNo1;
			sourceTree = "<group>";
		};
		EFFE1EF9281256BA00BB3FDA /* Preview Content */ = {
			isa = PBXGroup;
			children = (
				EFFE1EFA281256BA00BB3FDA /* Preview Assets.xcassets */,
			);
			path = "Preview Content";
			sourceTree = "<group>";
		};
		EFFE1F03281256BA00BB3FDA /* SotsukenAppNo1Tests */ = {
			isa = PBXGroup;
			children = (
				EFFE1F04281256BA00BB3FDA /* SotsukenAppNo1Tests.swift */,
			);
			path = SotsukenAppNo1Tests;
			sourceTree = "<group>";
		};
		EFFE1F0D281256BA00BB3FDA /* SotsukenAppNo1UITests */ = {
			isa = PBXGroup;
			children = (
				EFFE1F0E281256BA00BB3FDA /* SotsukenAppNo1UITests.swift */,
				EFFE1F10281256BA00BB3FDA /* SotsukenAppNo1UITestsLaunchTests.swift */,
			);
			path = SotsukenAppNo1UITests;
			sourceTree = "<group>";
		};
		EFFE1F1D2812570200BB3FDA /* Model */ = {
			isa = PBXGroup;
			children = (
				EFD5172C281268B300816674 /* Login.swift */,
				EF7D8AA12813E02C006F04CC /* User.swift */,
			);
			path = Model;
			sourceTree = "<group>";
		};
		EFFE1F1E2812571200BB3FDA /* ViewModel */ = {
			isa = PBXGroup;
			children = (
				EFFDD2D72845803F00508757 /* LoginGroupViewModel.swift */,
				EF48DC34283CA7E7005E8D0C /* Login */,
			);
			path = ViewModel;
			sourceTree = "<group>";
		};
		EFFE1F1F2812571A00BB3FDA /* View */ = {
			isa = PBXGroup;
			children = (
				EFCD61632849A0DF00509C0D /* Components */,
				EF4740612814ECD5002633BD /* LoginViewGroup */,
				EF4740602814EB2C002633BD /* HomeViewGroup */,
			);
			path = View;
			sourceTree = "<group>";
		};
/* End PBXGroup section */

/* Begin PBXNativeTarget section */
		EFFE1EEF281256B900BB3FDA /* SotsukenAppNo1 */ = {
			isa = PBXNativeTarget;
			buildConfigurationList = EFFE1F14281256BA00BB3FDA /* Build configuration list for PBXNativeTarget "SotsukenAppNo1" */;
			buildPhases = (
				EFFE1EEC281256B900BB3FDA /* Sources */,
				EFFE1EED281256B900BB3FDA /* Frameworks */,
				EFFE1EEE281256B900BB3FDA /* Resources */,
				EFD5172B281267CC00816674 /* ShellScript */,
			);
			buildRules = (
			);
			dependencies = (
			);
			name = SotsukenAppNo1;
			productName = SotsukenAppNo1;
			productReference = EFFE1EF0281256B900BB3FDA /* SotsukenAppNo1.app */;
			productType = "com.apple.product-type.application";
		};
		EFFE1EFF281256BA00BB3FDA /* SotsukenAppNo1Tests */ = {
			isa = PBXNativeTarget;
			buildConfigurationList = EFFE1F17281256BA00BB3FDA /* Build configuration list for PBXNativeTarget "SotsukenAppNo1Tests" */;
			buildPhases = (
				EFFE1EFC281256BA00BB3FDA /* Sources */,
				EFFE1EFD281256BA00BB3FDA /* Frameworks */,
				EFFE1EFE281256BA00BB3FDA /* Resources */,
			);
			buildRules = (
			);
			dependencies = (
				EFFE1F02281256BA00BB3FDA /* PBXTargetDependency */,
			);
			name = SotsukenAppNo1Tests;
			productName = SotsukenAppNo1Tests;
			productReference = EFFE1F00281256BA00BB3FDA /* SotsukenAppNo1Tests.xctest */;
			productType = "com.apple.product-type.bundle.unit-test";
		};
		EFFE1F09281256BA00BB3FDA /* SotsukenAppNo1UITests */ = {
			isa = PBXNativeTarget;
			buildConfigurationList = EFFE1F1A281256BA00BB3FDA /* Build configuration list for PBXNativeTarget "SotsukenAppNo1UITests" */;
			buildPhases = (
				EFFE1F06281256BA00BB3FDA /* Sources */,
				EFFE1F07281256BA00BB3FDA /* Frameworks */,
				EFFE1F08281256BA00BB3FDA /* Resources */,
			);
			buildRules = (
			);
			dependencies = (
				EFFE1F0C281256BA00BB3FDA /* PBXTargetDependency */,
			);
			name = SotsukenAppNo1UITests;
			productName = SotsukenAppNo1UITests;
			productReference = EFFE1F0A281256BA00BB3FDA /* SotsukenAppNo1UITests.xctest */;
			productType = "com.apple.product-type.bundle.ui-testing";
		};
/* End PBXNativeTarget section */

/* Begin PBXProject section */
		EFFE1EE8281256B900BB3FDA /* Project object */ = {
			isa = PBXProject;
			attributes = {
				BuildIndependentTargetsInParallel = 1;
				LastSwiftUpdateCheck = 1320;
				LastUpgradeCheck = 1320;
				TargetAttributes = {
					EFFE1EEF281256B900BB3FDA = {
						CreatedOnToolsVersion = 13.2.1;
					};
					EFFE1EFF281256BA00BB3FDA = {
						CreatedOnToolsVersion = 13.2.1;
						TestTargetID = EFFE1EEF281256B900BB3FDA;
					};
					EFFE1F09281256BA00BB3FDA = {
						CreatedOnToolsVersion = 13.2.1;
						TestTargetID = EFFE1EEF281256B900BB3FDA;
					};
				};
			};
			buildConfigurationList = EFFE1EEB281256B900BB3FDA /* Build configuration list for PBXProject "SotsukenAppNo1" */;
			compatibilityVersion = "Xcode 13.0";
			developmentRegion = en;
			hasScannedForEncodings = 0;
			knownRegions = (
				en,
				Base,
			);
			mainGroup = EFFE1EE7281256B900BB3FDA;
			productRefGroup = EFFE1EF1281256B900BB3FDA /* Products */;
			projectDirPath = "";
			projectRoot = "";
			targets = (
				EFFE1EEF281256B900BB3FDA /* SotsukenAppNo1 */,
				EFFE1EFF281256BA00BB3FDA /* SotsukenAppNo1Tests */,
				EFFE1F09281256BA00BB3FDA /* SotsukenAppNo1UITests */,
			);
		};
/* End PBXProject section */

/* Begin PBXResourcesBuildPhase section */
		EFFE1EEE281256B900BB3FDA /* Resources */ = {
			isa = PBXResourcesBuildPhase;
			buildActionMask = 2147483647;
			files = (
				EFFE1EFB281256BA00BB3FDA /* Preview Assets.xcassets in Resources */,
				EFFE1EF8281256BA00BB3FDA /* Assets.xcassets in Resources */,
			);
			runOnlyForDeploymentPostprocessing = 0;
		};
		EFFE1EFE281256BA00BB3FDA /* Resources */ = {
			isa = PBXResourcesBuildPhase;
			buildActionMask = 2147483647;
			files = (
			);
			runOnlyForDeploymentPostprocessing = 0;
		};
		EFFE1F08281256BA00BB3FDA /* Resources */ = {
			isa = PBXResourcesBuildPhase;
			buildActionMask = 2147483647;
			files = (
			);
			runOnlyForDeploymentPostprocessing = 0;
		};
/* End PBXResourcesBuildPhase section */

/* Begin PBXShellScriptBuildPhase section */
		EFD5172B281267CC00816674 /* ShellScript */ = {
			isa = PBXShellScriptBuildPhase;
			buildActionMask = 2147483647;
			files = (
			);
			inputFileListPaths = (
			);
			inputPaths = (
			);
			outputFileListPaths = (
			);
			outputPaths = (
			);
			runOnlyForDeploymentPostprocessing = 0;
			shellPath = /bin/sh;
			shellScript = "if which swiftlint >/dev/null; then\n  swiftlint\nelse\n  echo \"SwiftLint does not exist, download from https://github.com/realm/SwiftLint\"\nfi\n";
		};
/* End PBXShellScriptBuildPhase section */

/* Begin PBXSourcesBuildPhase section */
		EFFE1EEC281256B900BB3FDA /* Sources */ = {
			isa = PBXSourcesBuildPhase;
			buildActionMask = 2147483647;
			files = (
				EFCE944E2812CF3B00054546 /* SignupViewModel.swift in Sources */,
				EF9097D328406A72006FC2B1 /* LoginLoginButton.swift in Sources */,
				EFD5172A281266B900816674 /* InitialSettingView.swift in Sources */,
				EF47405A2814E0E4002633BD /* HomeView.swift in Sources */,
				EF9097D128406984006FC2B1 /* LoginInputFields.swift in Sources */,
				EFFDD2D82845803F00508757 /* LoginGroupViewModel.swift in Sources */,
				EF47405C2814E196002633BD /* SettingView.swift in Sources */,
				EF9097CF284066A3006FC2B1 /* LoginTitleAndImage.swift in Sources */,
				EF9097D7284073D3006FC2B1 /* SignupTitleAndImage.swift in Sources */,
				EFFDD2DC2845846F00508757 /* SignupSwitchLoginButton.swift in Sources */,
				EF7D8AA02813DE06006F04CC /* InitialSettingViewModel.swift in Sources */,
				EFCE944C2812A82800054546 /* RoomListView.swift in Sources */,
				EFCD61652849A11100509C0D /* ActivityIndicator.swift in Sources */,
				EFFE1F2328125E6200BB3FDA /* SignupView.swift in Sources */,
				EF7D8AA22813E02C006F04CC /* User.swift in Sources */,
				EF47405F2814E87C002633BD /* SettingCell.swift in Sources */,
				EFDB57032849C4E70003A782 /* LoginGroupView.swift in Sources */,
				EFFE1F212812572D00BB3FDA /* LoginView.swift in Sources */,
				EFD5172D281268B300816674 /* Login.swift in Sources */,
				EFFE1EF6281256B900BB3FDA /* ContentView.swift in Sources */,
				EFFE1EF4281256B900BB3FDA /* SotsukenAppNo1App.swift in Sources */,
				EFE22F6928143EA100F9AB14 /* RoomCell.swift in Sources */,
				EFD5172F28126A0F00816674 /* LoginViewModel.swift in Sources */,
				EF9097DB284078C4006FC2B1 /* SignupSignupButton.swift in Sources */,
				EFDA3EE92844F2A8006D8622 /* SignupInputFields.swift in Sources */,
				EFFDD2DA284582C900508757 /* LoginSwitchSignupButton.swift in Sources */,
			);
			runOnlyForDeploymentPostprocessing = 0;
		};
		EFFE1EFC281256BA00BB3FDA /* Sources */ = {
			isa = PBXSourcesBuildPhase;
			buildActionMask = 2147483647;
			files = (
				EFFE1F05281256BA00BB3FDA /* SotsukenAppNo1Tests.swift in Sources */,
			);
			runOnlyForDeploymentPostprocessing = 0;
		};
		EFFE1F06281256BA00BB3FDA /* Sources */ = {
			isa = PBXSourcesBuildPhase;
			buildActionMask = 2147483647;
			files = (
				EFFE1F0F281256BA00BB3FDA /* SotsukenAppNo1UITests.swift in Sources */,
				EFFE1F11281256BA00BB3FDA /* SotsukenAppNo1UITestsLaunchTests.swift in Sources */,
			);
			runOnlyForDeploymentPostprocessing = 0;
		};
/* End PBXSourcesBuildPhase section */

/* Begin PBXTargetDependency section */
		EFFE1F02281256BA00BB3FDA /* PBXTargetDependency */ = {
			isa = PBXTargetDependency;
			target = EFFE1EEF281256B900BB3FDA /* SotsukenAppNo1 */;
			targetProxy = EFFE1F01281256BA00BB3FDA /* PBXContainerItemProxy */;
		};
		EFFE1F0C281256BA00BB3FDA /* PBXTargetDependency */ = {
			isa = PBXTargetDependency;
			target = EFFE1EEF281256B900BB3FDA /* SotsukenAppNo1 */;
			targetProxy = EFFE1F0B281256BA00BB3FDA /* PBXContainerItemProxy */;
		};
/* End PBXTargetDependency section */

/* Begin XCBuildConfiguration section */
		EFFE1F12281256BA00BB3FDA /* Debug */ = {
			isa = XCBuildConfiguration;
			buildSettings = {
				ALWAYS_SEARCH_USER_PATHS = NO;
				CLANG_ANALYZER_NONNULL = YES;
				CLANG_ANALYZER_NUMBER_OBJECT_CONVERSION = YES_AGGRESSIVE;
				CLANG_CXX_LANGUAGE_STANDARD = "gnu++17";
				CLANG_CXX_LIBRARY = "libc++";
				CLANG_ENABLE_MODULES = YES;
				CLANG_ENABLE_OBJC_ARC = YES;
				CLANG_ENABLE_OBJC_WEAK = YES;
				CLANG_WARN_BLOCK_CAPTURE_AUTORELEASING = YES;
				CLANG_WARN_BOOL_CONVERSION = YES;
				CLANG_WARN_COMMA = YES;
				CLANG_WARN_CONSTANT_CONVERSION = YES;
				CLANG_WARN_DEPRECATED_OBJC_IMPLEMENTATIONS = YES;
				CLANG_WARN_DIRECT_OBJC_ISA_USAGE = YES_ERROR;
				CLANG_WARN_DOCUMENTATION_COMMENTS = YES;
				CLANG_WARN_EMPTY_BODY = YES;
				CLANG_WARN_ENUM_CONVERSION = YES;
				CLANG_WARN_INFINITE_RECURSION = YES;
				CLANG_WARN_INT_CONVERSION = YES;
				CLANG_WARN_NON_LITERAL_NULL_CONVERSION = YES;
				CLANG_WARN_OBJC_IMPLICIT_RETAIN_SELF = YES;
				CLANG_WARN_OBJC_LITERAL_CONVERSION = YES;
				CLANG_WARN_OBJC_ROOT_CLASS = YES_ERROR;
				CLANG_WARN_QUOTED_INCLUDE_IN_FRAMEWORK_HEADER = YES;
				CLANG_WARN_RANGE_LOOP_ANALYSIS = YES;
				CLANG_WARN_STRICT_PROTOTYPES = YES;
				CLANG_WARN_SUSPICIOUS_MOVE = YES;
				CLANG_WARN_UNGUARDED_AVAILABILITY = YES_AGGRESSIVE;
				CLANG_WARN_UNREACHABLE_CODE = YES;
				CLANG_WARN__DUPLICATE_METHOD_MATCH = YES;
				COPY_PHASE_STRIP = NO;
				DEBUG_INFORMATION_FORMAT = dwarf;
				ENABLE_STRICT_OBJC_MSGSEND = YES;
				ENABLE_TESTABILITY = YES;
				GCC_C_LANGUAGE_STANDARD = gnu11;
				GCC_DYNAMIC_NO_PIC = NO;
				GCC_NO_COMMON_BLOCKS = YES;
				GCC_OPTIMIZATION_LEVEL = 0;
				GCC_PREPROCESSOR_DEFINITIONS = (
					"DEBUG=1",
					"$(inherited)",
				);
				GCC_WARN_64_TO_32_BIT_CONVERSION = YES;
				GCC_WARN_ABOUT_RETURN_TYPE = YES_ERROR;
				GCC_WARN_UNDECLARED_SELECTOR = YES;
				GCC_WARN_UNINITIALIZED_AUTOS = YES_AGGRESSIVE;
				GCC_WARN_UNUSED_FUNCTION = YES;
				GCC_WARN_UNUSED_VARIABLE = YES;
				IPHONEOS_DEPLOYMENT_TARGET = 15.2;
				MTL_ENABLE_DEBUG_INFO = INCLUDE_SOURCE;
				MTL_FAST_MATH = YES;
				ONLY_ACTIVE_ARCH = YES;
				SDKROOT = iphoneos;
				SWIFT_ACTIVE_COMPILATION_CONDITIONS = DEBUG;
				SWIFT_OPTIMIZATION_LEVEL = "-Onone";
			};
			name = Debug;
		};
		EFFE1F13281256BA00BB3FDA /* Release */ = {
			isa = XCBuildConfiguration;
			buildSettings = {
				ALWAYS_SEARCH_USER_PATHS = NO;
				CLANG_ANALYZER_NONNULL = YES;
				CLANG_ANALYZER_NUMBER_OBJECT_CONVERSION = YES_AGGRESSIVE;
				CLANG_CXX_LANGUAGE_STANDARD = "gnu++17";
				CLANG_CXX_LIBRARY = "libc++";
				CLANG_ENABLE_MODULES = YES;
				CLANG_ENABLE_OBJC_ARC = YES;
				CLANG_ENABLE_OBJC_WEAK = YES;
				CLANG_WARN_BLOCK_CAPTURE_AUTORELEASING = YES;
				CLANG_WARN_BOOL_CONVERSION = YES;
				CLANG_WARN_COMMA = YES;
				CLANG_WARN_CONSTANT_CONVERSION = YES;
				CLANG_WARN_DEPRECATED_OBJC_IMPLEMENTATIONS = YES;
				CLANG_WARN_DIRECT_OBJC_ISA_USAGE = YES_ERROR;
				CLANG_WARN_DOCUMENTATION_COMMENTS = YES;
				CLANG_WARN_EMPTY_BODY = YES;
				CLANG_WARN_ENUM_CONVERSION = YES;
				CLANG_WARN_INFINITE_RECURSION = YES;
				CLANG_WARN_INT_CONVERSION = YES;
				CLANG_WARN_NON_LITERAL_NULL_CONVERSION = YES;
				CLANG_WARN_OBJC_IMPLICIT_RETAIN_SELF = YES;
				CLANG_WARN_OBJC_LITERAL_CONVERSION = YES;
				CLANG_WARN_OBJC_ROOT_CLASS = YES_ERROR;
				CLANG_WARN_QUOTED_INCLUDE_IN_FRAMEWORK_HEADER = YES;
				CLANG_WARN_RANGE_LOOP_ANALYSIS = YES;
				CLANG_WARN_STRICT_PROTOTYPES = YES;
				CLANG_WARN_SUSPICIOUS_MOVE = YES;
				CLANG_WARN_UNGUARDED_AVAILABILITY = YES_AGGRESSIVE;
				CLANG_WARN_UNREACHABLE_CODE = YES;
				CLANG_WARN__DUPLICATE_METHOD_MATCH = YES;
				COPY_PHASE_STRIP = NO;
				DEBUG_INFORMATION_FORMAT = "dwarf-with-dsym";
				ENABLE_NS_ASSERTIONS = NO;
				ENABLE_STRICT_OBJC_MSGSEND = YES;
				GCC_C_LANGUAGE_STANDARD = gnu11;
				GCC_NO_COMMON_BLOCKS = YES;
				GCC_WARN_64_TO_32_BIT_CONVERSION = YES;
				GCC_WARN_ABOUT_RETURN_TYPE = YES_ERROR;
				GCC_WARN_UNDECLARED_SELECTOR = YES;
				GCC_WARN_UNINITIALIZED_AUTOS = YES_AGGRESSIVE;
				GCC_WARN_UNUSED_FUNCTION = YES;
				GCC_WARN_UNUSED_VARIABLE = YES;
				IPHONEOS_DEPLOYMENT_TARGET = 15.2;
				MTL_ENABLE_DEBUG_INFO = NO;
				MTL_FAST_MATH = YES;
				SDKROOT = iphoneos;
				SWIFT_COMPILATION_MODE = wholemodule;
				SWIFT_OPTIMIZATION_LEVEL = "-O";
				VALIDATE_PRODUCT = YES;
			};
			name = Release;
		};
		EFFE1F15281256BA00BB3FDA /* Debug */ = {
			isa = XCBuildConfiguration;
			buildSettings = {
				ASSETCATALOG_COMPILER_APPICON_NAME = AppIcon;
				ASSETCATALOG_COMPILER_GLOBAL_ACCENT_COLOR_NAME = AccentColor;
				CODE_SIGN_STYLE = Automatic;
				CURRENT_PROJECT_VERSION = 1;
				DEVELOPMENT_ASSET_PATHS = "\"SotsukenAppNo1/Preview Content\"";
				DEVELOPMENT_TEAM = 2WF5FK2F28;
				ENABLE_PREVIEWS = YES;
				GENERATE_INFOPLIST_FILE = YES;
				INFOPLIST_KEY_UIApplicationSceneManifest_Generation = YES;
				INFOPLIST_KEY_UIApplicationSupportsIndirectInputEvents = YES;
				INFOPLIST_KEY_UILaunchScreen_Generation = YES;
				INFOPLIST_KEY_UISupportedInterfaceOrientations_iPad = "UIInterfaceOrientationPortrait UIInterfaceOrientationPortraitUpsideDown UIInterfaceOrientationLandscapeLeft UIInterfaceOrientationLandscapeRight";
				INFOPLIST_KEY_UISupportedInterfaceOrientations_iPhone = "UIInterfaceOrientationPortrait UIInterfaceOrientationLandscapeLeft UIInterfaceOrientationLandscapeRight";
				INFOPLIST_KEY_UIUserInterfaceStyle = Light;
				LD_RUNPATH_SEARCH_PATHS = (
					"$(inherited)",
					"@executable_path/Frameworks",
				);
				MARKETING_VERSION = 1.0;
				PRODUCT_BUNDLE_IDENTIFIER = com.ryu.SotsukenAppNo1;
				PRODUCT_NAME = "$(TARGET_NAME)";
				SWIFT_EMIT_LOC_STRINGS = YES;
				SWIFT_VERSION = 5.0;
				TARGETED_DEVICE_FAMILY = "1,2";
			};
			name = Debug;
		};
		EFFE1F16281256BA00BB3FDA /* Release */ = {
			isa = XCBuildConfiguration;
			buildSettings = {
				ASSETCATALOG_COMPILER_APPICON_NAME = AppIcon;
				ASSETCATALOG_COMPILER_GLOBAL_ACCENT_COLOR_NAME = AccentColor;
				CODE_SIGN_STYLE = Automatic;
				CURRENT_PROJECT_VERSION = 1;
				DEVELOPMENT_ASSET_PATHS = "\"SotsukenAppNo1/Preview Content\"";
				DEVELOPMENT_TEAM = 2WF5FK2F28;
				ENABLE_PREVIEWS = YES;
				GENERATE_INFOPLIST_FILE = YES;
				INFOPLIST_KEY_UIApplicationSceneManifest_Generation = YES;
				INFOPLIST_KEY_UIApplicationSupportsIndirectInputEvents = YES;
				INFOPLIST_KEY_UILaunchScreen_Generation = YES;
				INFOPLIST_KEY_UISupportedInterfaceOrientations_iPad = "UIInterfaceOrientationPortrait UIInterfaceOrientationPortraitUpsideDown UIInterfaceOrientationLandscapeLeft UIInterfaceOrientationLandscapeRight";
				INFOPLIST_KEY_UISupportedInterfaceOrientations_iPhone = "UIInterfaceOrientationPortrait UIInterfaceOrientationLandscapeLeft UIInterfaceOrientationLandscapeRight";
				INFOPLIST_KEY_UIUserInterfaceStyle = Light;
				LD_RUNPATH_SEARCH_PATHS = (
					"$(inherited)",
					"@executable_path/Frameworks",
				);
				MARKETING_VERSION = 1.0;
				PRODUCT_BUNDLE_IDENTIFIER = com.ryu.SotsukenAppNo1;
				PRODUCT_NAME = "$(TARGET_NAME)";
				SWIFT_EMIT_LOC_STRINGS = YES;
				SWIFT_VERSION = 5.0;
				TARGETED_DEVICE_FAMILY = "1,2";
			};
			name = Release;
		};
		EFFE1F18281256BA00BB3FDA /* Debug */ = {
			isa = XCBuildConfiguration;
			buildSettings = {
				ALWAYS_EMBED_SWIFT_STANDARD_LIBRARIES = YES;
				BUNDLE_LOADER = "$(TEST_HOST)";
				CODE_SIGN_STYLE = Automatic;
				CURRENT_PROJECT_VERSION = 1;
				DEVELOPMENT_TEAM = 2WF5FK2F28;
				GENERATE_INFOPLIST_FILE = YES;
				IPHONEOS_DEPLOYMENT_TARGET = 15.2;
				MARKETING_VERSION = 1.0;
				PRODUCT_BUNDLE_IDENTIFIER = com.ryu.SotsukenAppNo1Tests;
				PRODUCT_NAME = "$(TARGET_NAME)";
				SWIFT_EMIT_LOC_STRINGS = NO;
				SWIFT_VERSION = 5.0;
				TARGETED_DEVICE_FAMILY = "1,2";
				TEST_HOST = "$(BUILT_PRODUCTS_DIR)/SotsukenAppNo1.app/SotsukenAppNo1";
			};
			name = Debug;
		};
		EFFE1F19281256BA00BB3FDA /* Release */ = {
			isa = XCBuildConfiguration;
			buildSettings = {
				ALWAYS_EMBED_SWIFT_STANDARD_LIBRARIES = YES;
				BUNDLE_LOADER = "$(TEST_HOST)";
				CODE_SIGN_STYLE = Automatic;
				CURRENT_PROJECT_VERSION = 1;
				DEVELOPMENT_TEAM = 2WF5FK2F28;
				GENERATE_INFOPLIST_FILE = YES;
				IPHONEOS_DEPLOYMENT_TARGET = 15.2;
				MARKETING_VERSION = 1.0;
				PRODUCT_BUNDLE_IDENTIFIER = com.ryu.SotsukenAppNo1Tests;
				PRODUCT_NAME = "$(TARGET_NAME)";
				SWIFT_EMIT_LOC_STRINGS = NO;
				SWIFT_VERSION = 5.0;
				TARGETED_DEVICE_FAMILY = "1,2";
				TEST_HOST = "$(BUILT_PRODUCTS_DIR)/SotsukenAppNo1.app/SotsukenAppNo1";
			};
			name = Release;
		};
		EFFE1F1B281256BA00BB3FDA /* Debug */ = {
			isa = XCBuildConfiguration;
			buildSettings = {
				ALWAYS_EMBED_SWIFT_STANDARD_LIBRARIES = YES;
				CODE_SIGN_STYLE = Automatic;
				CURRENT_PROJECT_VERSION = 1;
				DEVELOPMENT_TEAM = 2WF5FK2F28;
				GENERATE_INFOPLIST_FILE = YES;
				MARKETING_VERSION = 1.0;
				PRODUCT_BUNDLE_IDENTIFIER = com.ryu.SotsukenAppNo1UITests;
				PRODUCT_NAME = "$(TARGET_NAME)";
				SWIFT_EMIT_LOC_STRINGS = NO;
				SWIFT_VERSION = 5.0;
				TARGETED_DEVICE_FAMILY = "1,2";
				TEST_TARGET_NAME = SotsukenAppNo1;
			};
			name = Debug;
		};
		EFFE1F1C281256BA00BB3FDA /* Release */ = {
			isa = XCBuildConfiguration;
			buildSettings = {
				ALWAYS_EMBED_SWIFT_STANDARD_LIBRARIES = YES;
				CODE_SIGN_STYLE = Automatic;
				CURRENT_PROJECT_VERSION = 1;
				DEVELOPMENT_TEAM = 2WF5FK2F28;
				GENERATE_INFOPLIST_FILE = YES;
				MARKETING_VERSION = 1.0;
				PRODUCT_BUNDLE_IDENTIFIER = com.ryu.SotsukenAppNo1UITests;
				PRODUCT_NAME = "$(TARGET_NAME)";
				SWIFT_EMIT_LOC_STRINGS = NO;
				SWIFT_VERSION = 5.0;
				TARGETED_DEVICE_FAMILY = "1,2";
				TEST_TARGET_NAME = SotsukenAppNo1;
			};
			name = Release;
		};
/* End XCBuildConfiguration section */

/* Begin XCConfigurationList section */
		EFFE1EEB281256B900BB3FDA /* Build configuration list for PBXProject "SotsukenAppNo1" */ = {
			isa = XCConfigurationList;
			buildConfigurations = (
				EFFE1F12281256BA00BB3FDA /* Debug */,
				EFFE1F13281256BA00BB3FDA /* Release */,
			);
			defaultConfigurationIsVisible = 0;
			defaultConfigurationName = Release;
		};
		EFFE1F14281256BA00BB3FDA /* Build configuration list for PBXNativeTarget "SotsukenAppNo1" */ = {
			isa = XCConfigurationList;
			buildConfigurations = (
				EFFE1F15281256BA00BB3FDA /* Debug */,
				EFFE1F16281256BA00BB3FDA /* Release */,
			);
			defaultConfigurationIsVisible = 0;
			defaultConfigurationName = Release;
		};
		EFFE1F17281256BA00BB3FDA /* Build configuration list for PBXNativeTarget "SotsukenAppNo1Tests" */ = {
			isa = XCConfigurationList;
			buildConfigurations = (
				EFFE1F18281256BA00BB3FDA /* Debug */,
				EFFE1F19281256BA00BB3FDA /* Release */,
			);
			defaultConfigurationIsVisible = 0;
			defaultConfigurationName = Release;
		};
		EFFE1F1A281256BA00BB3FDA /* Build configuration list for PBXNativeTarget "SotsukenAppNo1UITests" */ = {
			isa = XCConfigurationList;
			buildConfigurations = (
				EFFE1F1B281256BA00BB3FDA /* Debug */,
				EFFE1F1C281256BA00BB3FDA /* Release */,
			);
			defaultConfigurationIsVisible = 0;
			defaultConfigurationName = Release;
		};
/* End XCConfigurationList section */
	};
	rootObject = EFFE1EE8281256B900BB3FDA /* Project object */;
}
